
Microsoft Visual Studio Solution File, Format Version 12.00
# Visual Studio Version 17
VisualStudioVersion = 17.11.35312.102
MinimumVisualStudioVersion = 10.0.40219.1
Project("{FAE04EC0-301F-11D3-BF4B-00C04F79EFBC}") = "Executer", "Executer\Executer.csproj", "{F5ECA6A1-16E6-4F08-AF00-7853A7299A55}"
EndProject
Project("{FAE04EC0-301F-11D3-BF4B-00C04F79EFBC}") = "MyAttribute", "MyAttribute\MyAttribute.csproj", "{AA975B8C-603B-4055-887C-2571538351C2}"
EndProject
Project("{FAE04EC0-301F-11D3-BF4B-00C04F79EFBC}") = "MyLibrary", "MyLibrary\MyLibrary.csproj", "{4BC6A01B-2254-4732-80D5-547562B1682E}"
EndProject
Global
	GlobalSection(SolutionConfigurationPlatforms) = preSolution
		Debug|Any CPU = Debug|Any CPU
		Release|Any CPU = Release|Any CPU
	EndGlobalSection
	GlobalSection(ProjectConfigurationPlatforms) = postSolution
		{F5ECA6A1-16E6-4F08-AF00-7853A7299A55}.Debug|Any CPU.ActiveCfg = Debug|Any CPU
		{F5ECA6A1-16E6-4F08-AF00-7853A7299A55}.Debug|Any CPU.Build.0 = Debug|Any CPU
		{F5ECA6A1-16E6-4F08-AF00-7853A7299A55}.Release|Any CPU.ActiveCfg = Release|Any CPU
		{F5ECA6A1-16E6-4F08-AF00-7853A7299A55}.Release|Any CPU.Build.0 = Release|Any CPU
		{AA975B8C-603B-4055-887C-2571538351C2}.Debug|Any CPU.ActiveCfg = Debug|Any CPU
		{AA975B8C-603B-4055-887C-2571538351C2}.Debug|Any CPU.Build.0 = Debug|Any CPU
		{AA975B8C-603B-4055-887C-2571538351C2}.Release|Any CPU.ActiveCfg = Release|Any CPU
		{AA975B8C-603B-4055-887C-2571538351C2}.Release|Any CPU.Build.0 = Release|Any CPU
		{4BC6A01B-2254-4732-80D5-547562B1682E}.Debug|Any CPU.ActiveCfg = Debug|Any CPU
		{4BC6A01B-2254-4732-80D5-547562B1682E}.Debug|Any CPU.Build.0 = Debug|Any CPU
		{4BC6A01B-2254-4732-80D5-547562B1682E}.Release|Any CPU.ActiveCfg = Release|Any CPU
		{4BC6A01B-2254-4732-80D5-547562B1682E}.Release|Any CPU.Build.0 = Release|Any CPU
	EndGlobalSection
	GlobalSection(SolutionProperties) = preSolution
		HideSolutionNode = FALSE
	EndGlobalSection
	GlobalSection(ExtensibilityGlobals) = postSolution
		SolutionGuid = {3604C6DA-ABB5-411F-BA32-27E8F70EC72C}
	EndGlobalSection
EndGlobal
